
Microsoft Visual Studio Solution File, Format Version 12.00
# Visual Studio Version 16
VisualStudioVersion = 16.0.29102.190
MinimumVisualStudioVersion = 10.0.40219.1
Project("{FAE04EC0-301F-11D3-BF4B-00C04F79EFBC}") = "FizzBuzz", "FizzBuzz\FizzBuzz.csproj", "{ADDA6C55-C3F9-4344-B9CE-41A9B8765B22}"
EndProject
Project("{FAE04EC0-301F-11D3-BF4B-00C04F79EFBC}") = "FizzBuzzTest3", "FizzBuzzTest3\FizzBuzzTest3.csproj", "{067C47EC-3ADC-467E-8321-BA3693C0DB85}"
EndProject
Global
	GlobalSection(SolutionConfigurationPlatforms) = preSolution
		Debug|Any CPU = Debug|Any CPU
		Release|Any CPU = Release|Any CPU
	EndGlobalSection
	GlobalSection(ProjectConfigurationPlatforms) = postSolution
		{ADDA6C55-C3F9-4344-B9CE-41A9B8765B22}.Debug|Any CPU.ActiveCfg = Debug|Any CPU
		{ADDA6C55-C3F9-4344-B9CE-41A9B8765B22}.Debug|Any CPU.Build.0 = Debug|Any CPU
		{ADDA6C55-C3F9-4344-B9CE-41A9B8765B22}.Release|Any CPU.ActiveCfg = Release|Any CPU
		{ADDA6C55-C3F9-4344-B9CE-41A9B8765B22}.Release|Any CPU.Build.0 = Release|Any CPU
		{067C47EC-3ADC-467E-8321-BA3693C0DB85}.Debug|Any CPU.ActiveCfg = Debug|Any CPU
		{067C47EC-3ADC-467E-8321-BA3693C0DB85}.Debug|Any CPU.Build.0 = Debug|Any CPU
		{067C47EC-3ADC-467E-8321-BA3693C0DB85}.Release|Any CPU.ActiveCfg = Release|Any CPU
		{067C47EC-3ADC-467E-8321-BA3693C0DB85}.Release|Any CPU.Build.0 = Release|Any CPU
	EndGlobalSection
	GlobalSection(SolutionProperties) = preSolution
		HideSolutionNode = FALSE
	EndGlobalSection
	GlobalSection(ExtensibilityGlobals) = postSolution
		SolutionGuid = {A21972A7-0245-4FD7-9ED2-06DCCEE64625}
	EndGlobalSection
EndGlobal
